// !$*UTF8*$!
{
	archiveVersion = 1;
	classes = {
	};
	objectVersion = 46;
	objects = {

/* Begin PBXBuildFile section */
		C907C25C1C2A239400647531 /* EV3SetMotorSpeedCommand.swift in Sources */ = {isa = PBXBuildFile; fileRef = C907C25B1C2A239400647531 /* EV3SetMotorSpeedCommand.swift */; };
		C907C25D1C2A239400647531 /* EV3SetMotorSpeedCommand.swift in Sources */ = {isa = PBXBuildFile; fileRef = C907C25B1C2A239400647531 /* EV3SetMotorSpeedCommand.swift */; };
		C907C25F1C2A28B000647531 /* EV3StartMotorCommand.swift in Sources */ = {isa = PBXBuildFile; fileRef = C907C25E1C2A28B000647531 /* EV3StartMotorCommand.swift */; };
		C907C2601C2A28B000647531 /* EV3StartMotorCommand.swift in Sources */ = {isa = PBXBuildFile; fileRef = C907C25E1C2A28B000647531 /* EV3StartMotorCommand.swift */; };
		C907C2651C2A2F0300647531 /* EV3StopMotorCommand.swift in Sources */ = {isa = PBXBuildFile; fileRef = C907C2641C2A2F0300647531 /* EV3StopMotorCommand.swift */; };
		C907C2661C2A2F0300647531 /* EV3StopMotorCommand.swift in Sources */ = {isa = PBXBuildFile; fileRef = C907C2641C2A2F0300647531 /* EV3StopMotorCommand.swift */; };
		C917F68A1C272D6A00AE980B /* EV3HIDDeviceTests.swift in Sources */ = {isa = PBXBuildFile; fileRef = C917F6891C272D6A00AE980B /* EV3HIDDeviceTests.swift */; };
		C917F68F1C2731B700AE980B /* RobotDeviceDescriptorEV3Extras.swift in Sources */ = {isa = PBXBuildFile; fileRef = C917F68E1C2731B700AE980B /* RobotDeviceDescriptorEV3Extras.swift */; };
		C917F6901C2731B700AE980B /* RobotDeviceDescriptorEV3Extras.swift in Sources */ = {isa = PBXBuildFile; fileRef = C917F68E1C2731B700AE980B /* RobotDeviceDescriptorEV3Extras.swift */; };
		C96945581C28F3760030DEB3 /* NXTHandleResponse.swift in Sources */ = {isa = PBXBuildFile; fileRef = C96945571C28F3760030DEB3 /* NXTHandleResponse.swift */; };
		C96945591C28F3760030DEB3 /* NXTHandleResponse.swift in Sources */ = {isa = PBXBuildFile; fileRef = C96945571C28F3760030DEB3 /* NXTHandleResponse.swift */; };
		C969455B1C28F3C50030DEB3 /* NXTHandleSizeResponse.swift in Sources */ = {isa = PBXBuildFile; fileRef = C969455A1C28F3C50030DEB3 /* NXTHandleSizeResponse.swift */; };
		C969455C1C28F3C50030DEB3 /* NXTHandleSizeResponse.swift in Sources */ = {isa = PBXBuildFile; fileRef = C969455A1C28F3C50030DEB3 /* NXTHandleSizeResponse.swift */; };
		C969456A1C28F9690030DEB3 /* HIDDeviceSource.swift in Sources */ = {isa = PBXBuildFile; fileRef = C96945691C28F9690030DEB3 /* HIDDeviceSource.swift */; };
		C969456B1C28F9690030DEB3 /* HIDDeviceSource.swift in Sources */ = {isa = PBXBuildFile; fileRef = C96945691C28F9690030DEB3 /* HIDDeviceSource.swift */; };
		C969456D1C28F97F0030DEB3 /* RobotDeviceManager.swift in Sources */ = {isa = PBXBuildFile; fileRef = C969456C1C28F97F0030DEB3 /* RobotDeviceManager.swift */; };
		C969456E1C28F97F0030DEB3 /* RobotDeviceManager.swift in Sources */ = {isa = PBXBuildFile; fileRef = C969456C1C28F97F0030DEB3 /* RobotDeviceManager.swift */; };
		C96945701C28FA0B0030DEB3 /* RobotDeviceSource.swift in Sources */ = {isa = PBXBuildFile; fileRef = C969456F1C28FA0B0030DEB3 /* RobotDeviceSource.swift */; };
		C96945711C28FA0B0030DEB3 /* RobotDeviceSource.swift in Sources */ = {isa = PBXBuildFile; fileRef = C969456F1C28FA0B0030DEB3 /* RobotDeviceSource.swift */; };
		C96945731C28FB420030DEB3 /* RobotDeviceDescriptor.swift in Sources */ = {isa = PBXBuildFile; fileRef = C96945721C28FB420030DEB3 /* RobotDeviceDescriptor.swift */; };
		C96945741C28FB420030DEB3 /* RobotDeviceDescriptor.swift in Sources */ = {isa = PBXBuildFile; fileRef = C96945721C28FB420030DEB3 /* RobotDeviceDescriptor.swift */; };
		C96945761C28FC200030DEB3 /* MetaDevice.swift in Sources */ = {isa = PBXBuildFile; fileRef = C96945751C28FC200030DEB3 /* MetaDevice.swift */; };
		C96945771C28FC200030DEB3 /* MetaDevice.swift in Sources */ = {isa = PBXBuildFile; fileRef = C96945751C28FC200030DEB3 /* MetaDevice.swift */; };
		C96945791C28FCA30030DEB3 /* BluetoothDeviceSource.swift in Sources */ = {isa = PBXBuildFile; fileRef = C96945781C28FCA30030DEB3 /* BluetoothDeviceSource.swift */; };
		C969457A1C28FCA30030DEB3 /* BluetoothDeviceSource.swift in Sources */ = {isa = PBXBuildFile; fileRef = C96945781C28FCA30030DEB3 /* BluetoothDeviceSource.swift */; };
		C97551AE1C29C46A002A5796 /* EV3GetOSVersionCommand.swift in Sources */ = {isa = PBXBuildFile; fileRef = C97551AD1C29C46A002A5796 /* EV3GetOSVersionCommand.swift */; };
		C97551AF1C29C46A002A5796 /* EV3GetOSVersionCommand.swift in Sources */ = {isa = PBXBuildFile; fileRef = C97551AD1C29C46A002A5796 /* EV3GetOSVersionCommand.swift */; };
		C97551B11C29D094002A5796 /* EV3StringResponse.swift in Sources */ = {isa = PBXBuildFile; fileRef = C97551B01C29D094002A5796 /* EV3StringResponse.swift */; };
		C97551B21C29D094002A5796 /* EV3StringResponse.swift in Sources */ = {isa = PBXBuildFile; fileRef = C97551B01C29D094002A5796 /* EV3StringResponse.swift */; };
		C97551C11C29D74D002A5796 /* DeviceEV3Extras.swift in Sources */ = {isa = PBXBuildFile; fileRef = C97551C01C29D74D002A5796 /* DeviceEV3Extras.swift */; };
		C97551C21C29D74D002A5796 /* DeviceEV3Extras.swift in Sources */ = {isa = PBXBuildFile; fileRef = C97551C01C29D74D002A5796 /* DeviceEV3Extras.swift */; };
		C97868641C28BF960099BB82 /* EV3ReadTouchSensorCommand.swift in Sources */ = {isa = PBXBuildFile; fileRef = C97868631C28BF960099BB82 /* EV3ReadTouchSensorCommand.swift */; };
		C97868651C28BF960099BB82 /* EV3ReadTouchSensorCommand.swift in Sources */ = {isa = PBXBuildFile; fileRef = C97868631C28BF960099BB82 /* EV3ReadTouchSensorCommand.swift */; };
		C97868671C28BFC10099BB82 /* EV3Constants.swift in Sources */ = {isa = PBXBuildFile; fileRef = C97868661C28BFC10099BB82 /* EV3Constants.swift */; };
		C97868681C28BFC10099BB82 /* EV3Constants.swift in Sources */ = {isa = PBXBuildFile; fileRef = C97868661C28BFC10099BB82 /* EV3Constants.swift */; };
		C978686A1C28D0B00099BB82 /* EV3PercentByteResponse.swift in Sources */ = {isa = PBXBuildFile; fileRef = C97868691C28D0B00099BB82 /* EV3PercentByteResponse.swift */; };
		C978686B1C28D0B00099BB82 /* EV3PercentByteResponse.swift in Sources */ = {isa = PBXBuildFile; fileRef = C97868691C28D0B00099BB82 /* EV3PercentByteResponse.swift */; };
		C978686D1C28DE5B0099BB82 /* EV3ReadColorCommand.swift in Sources */ = {isa = PBXBuildFile; fileRef = C978686C1C28DE5B0099BB82 /* EV3ReadColorCommand.swift */; };
		C978686E1C28DE5B0099BB82 /* EV3ReadColorCommand.swift in Sources */ = {isa = PBXBuildFile; fileRef = C978686C1C28DE5B0099BB82 /* EV3ReadColorCommand.swift */; };
		C97868701C28DF5A0099BB82 /* EV3SetSensorModeCommand.swift in Sources */ = {isa = PBXBuildFile; fileRef = C978686F1C28DF5A0099BB82 /* EV3SetSensorModeCommand.swift */; };
		C97868711C28DF5A0099BB82 /* EV3SetSensorModeCommand.swift in Sources */ = {isa = PBXBuildFile; fileRef = C978686F1C28DF5A0099BB82 /* EV3SetSensorModeCommand.swift */; };
		C97868731C28E89F0099BB82 /* EV3ColorResponse.swift in Sources */ = {isa = PBXBuildFile; fileRef = C97868721C28E89F0099BB82 /* EV3ColorResponse.swift */; };
		C97868741C28E89F0099BB82 /* EV3ColorResponse.swift in Sources */ = {isa = PBXBuildFile; fileRef = C97868721C28E89F0099BB82 /* EV3ColorResponse.swift */; };
		C98C34781C25C160006840C3 /* RobotFoundation.framework in Frameworks */ = {isa = PBXBuildFile; fileRef = C98C346D1C25C160006840C3 /* RobotFoundation.framework */; };
		C98C347D1C25C160006840C3 /* RobotFoundationTests.swift in Sources */ = {isa = PBXBuildFile; fileRef = C98C347C1C25C160006840C3 /* RobotFoundationTests.swift */; };
		C98C34881C25C262006840C3 /* RobotFoundation.h in Headers */ = {isa = PBXBuildFile; fileRef = C98C34871C25C262006840C3 /* RobotFoundation.h */; settings = {ATTRIBUTES = (Public, ); }; };
		C98C34A81C25D1D1006840C3 /* NSDataNXTExtras.swift in Sources */ = {isa = PBXBuildFile; fileRef = C98C349F1C25D1D1006840C3 /* NSDataNXTExtras.swift */; };
		C98C34A91C25D1D1006840C3 /* NXTCloseCommand.swift in Sources */ = {isa = PBXBuildFile; fileRef = C98C34A01C25D1D1006840C3 /* NXTCloseCommand.swift */; };
		C98C34AA1C25D1D1006840C3 /* NXTCommand.swift in Sources */ = {isa = PBXBuildFile; fileRef = C98C34A11C25D1D1006840C3 /* NXTCommand.swift */; };
		C98C34AB1C25D1D1006840C3 /* NXTDeleteCommand.swift in Sources */ = {isa = PBXBuildFile; fileRef = C98C34A21C25D1D1006840C3 /* NXTDeleteCommand.swift */; };
		C98C34AC1C25D1D1006840C3 /* NXTFileResponse.swift in Sources */ = {isa = PBXBuildFile; fileRef = C98C34A31C25D1D1006840C3 /* NXTFileResponse.swift */; };
		C98C34AD1C25D1D1006840C3 /* NXTFindFirstCommand.swift in Sources */ = {isa = PBXBuildFile; fileRef = C98C34A41C25D1D1006840C3 /* NXTFindFirstCommand.swift */; };
		C98C34AE1C25D1D1006840C3 /* NXTGenericResponse.swift in Sources */ = {isa = PBXBuildFile; fileRef = C98C34A51C25D1D1006840C3 /* NXTGenericResponse.swift */; };
		C98C34AF1C25D1D1006840C3 /* NXTResponse.swift in Sources */ = {isa = PBXBuildFile; fileRef = C98C34A61C25D1D1006840C3 /* NXTResponse.swift */; };
		C98C34B01C25D1D1006840C3 /* NXTTypes.swift in Sources */ = {isa = PBXBuildFile; fileRef = C98C34A71C25D1D1006840C3 /* NXTTypes.swift */; };
		C98C34B31C25D24B006840C3 /* IOBluetoothDeviceTransport.swift in Sources */ = {isa = PBXBuildFile; fileRef = C98C34B21C25D24B006840C3 /* IOBluetoothDeviceTransport.swift */; };
		C98C34B51C25D28D006840C3 /* DeviceTransport.swift in Sources */ = {isa = PBXBuildFile; fileRef = C98C34B41C25D28D006840C3 /* DeviceTransport.swift */; };
		C98C34B71C25DC40006840C3 /* IOKitUtilities.swift in Sources */ = {isa = PBXBuildFile; fileRef = C98C34B61C25DC40006840C3 /* IOKitUtilities.swift */; };
		C98C34B91C25E00D006840C3 /* Device.swift in Sources */ = {isa = PBXBuildFile; fileRef = C98C34B81C25E00D006840C3 /* Device.swift */; };
		C98C34BB1C25E1E3006840C3 /* NXTDevice.swift in Sources */ = {isa = PBXBuildFile; fileRef = C98C34BA1C25E1E3006840C3 /* NXTDevice.swift */; };
		C98C34BD1C25E28A006840C3 /* NXTCommandOperation.swift in Sources */ = {isa = PBXBuildFile; fileRef = C98C34BC1C25E28A006840C3 /* NXTCommandOperation.swift */; };
		C98C34BF1C25E520006840C3 /* HIDDeviceTransport.swift in Sources */ = {isa = PBXBuildFile; fileRef = C98C34BE1C25E520006840C3 /* HIDDeviceTransport.swift */; };
		C98C34C21C25EADB006840C3 /* EV3Device.swift in Sources */ = {isa = PBXBuildFile; fileRef = C98C34C11C25EADB006840C3 /* EV3Device.swift */; };
		C98C34C41C25EB2E006840C3 /* EV3Command.swift in Sources */ = {isa = PBXBuildFile; fileRef = C98C34C31C25EB2E006840C3 /* EV3Command.swift */; };
		C98C34C61C25EC3B006840C3 /* EV3CommandOperation.swift in Sources */ = {isa = PBXBuildFile; fileRef = C98C34C51C25EC3B006840C3 /* EV3CommandOperation.swift */; };
		C98C34C81C25EC57006840C3 /* EV3PlayToneCommand.swift in Sources */ = {isa = PBXBuildFile; fileRef = C98C34C71C25EC57006840C3 /* EV3PlayToneCommand.swift */; };
		C98C34CA1C25F134006840C3 /* EV3CommandTests.swift in Sources */ = {isa = PBXBuildFile; fileRef = C98C34C91C25F134006840C3 /* EV3CommandTests.swift */; };
		C98C34CD1C25F1EA006840C3 /* MindstormsCommand.swift in Sources */ = {isa = PBXBuildFile; fileRef = C98C34CC1C25F1EA006840C3 /* MindstormsCommand.swift */; };
		C98C34CF1C25F644006840C3 /* EV3CommandSerialization.swift in Sources */ = {isa = PBXBuildFile; fileRef = C98C34CE1C25F644006840C3 /* EV3CommandSerialization.swift */; };
		C98C34D11C25F893006840C3 /* NSDataEV3Extras.swift in Sources */ = {isa = PBXBuildFile; fileRef = C98C34D01C25F893006840C3 /* NSDataEV3Extras.swift */; };
		C98C34D31C25FA37006840C3 /* EV3DeviceTests.swift in Sources */ = {isa = PBXBuildFile; fileRef = C98C34D21C25FA37006840C3 /* EV3DeviceTests.swift */; };
		C98C34D71C260E0A006840C3 /* EV3Types.swift in Sources */ = {isa = PBXBuildFile; fileRef = C98C34D61C260E0A006840C3 /* EV3Types.swift */; };
		C98C34DB1C260E72006840C3 /* MindstormsResponse.swift in Sources */ = {isa = PBXBuildFile; fileRef = C98C34DA1C260E72006840C3 /* MindstormsResponse.swift */; };
		C98C34DD1C260EA6006840C3 /* MindstormsType.swift in Sources */ = {isa = PBXBuildFile; fileRef = C98C34DC1C260EA6006840C3 /* MindstormsType.swift */; };
		C98C34DF1C260F28006840C3 /* EV3GenericResponse.swift in Sources */ = {isa = PBXBuildFile; fileRef = C98C34DE1C260F28006840C3 /* EV3GenericResponse.swift */; };
		C98C34E11C2610AA006840C3 /* NSDataExtras.swift in Sources */ = {isa = PBXBuildFile; fileRef = C98C34E01C2610AA006840C3 /* NSDataExtras.swift */; };
		C98C34E31C262BC6006840C3 /* NXTFindNextCommand.swift in Sources */ = {isa = PBXBuildFile; fileRef = C98C34E21C262BC6006840C3 /* NXTFindNextCommand.swift */; };
		C98C34E51C262CF3006840C3 /* NXTStartProgramCommand.swift in Sources */ = {isa = PBXBuildFile; fileRef = C98C34E41C262CF3006840C3 /* NXTStartProgramCommand.swift */; };
		C98C34E91C264532006840C3 /* EV3SetLEDCommand.swift in Sources */ = {isa = PBXBuildFile; fileRef = C98C34E81C264532006840C3 /* EV3SetLEDCommand.swift */; };
		C98C34EB1C264DD5006840C3 /* EV3ReadLightCommand.swift in Sources */ = {isa = PBXBuildFile; fileRef = C98C34EA1C264DD5006840C3 /* EV3ReadLightCommand.swift */; };
		C98C34F61C26540C006840C3 /* MobileRobotFoundation.h in Headers */ = {isa = PBXBuildFile; fileRef = C98C34F51C26540C006840C3 /* MobileRobotFoundation.h */; settings = {ATTRIBUTES = (Public, ); }; };
		C98C34FB1C26544D006840C3 /* NSDataExtras.swift in Sources */ = {isa = PBXBuildFile; fileRef = C98C34E01C2610AA006840C3 /* NSDataExtras.swift */; };
		C98C34FC1C26544D006840C3 /* Device.swift in Sources */ = {isa = PBXBuildFile; fileRef = C98C34B81C25E00D006840C3 /* Device.swift */; };
		C98C34FD1C26544D006840C3 /* DeviceTransport.swift in Sources */ = {isa = PBXBuildFile; fileRef = C98C34B41C25D28D006840C3 /* DeviceTransport.swift */; };
		C98C34FE1C26544D006840C3 /* IOBluetoothDeviceTransport.swift in Sources */ = {isa = PBXBuildFile; fileRef = C98C34B21C25D24B006840C3 /* IOBluetoothDeviceTransport.swift */; };
		C98C34FF1C26544D006840C3 /* IOKitUtilities.swift in Sources */ = {isa = PBXBuildFile; fileRef = C98C34B61C25DC40006840C3 /* IOKitUtilities.swift */; };
		C98C35001C26544D006840C3 /* HIDDeviceTransport.swift in Sources */ = {isa = PBXBuildFile; fileRef = C98C34BE1C25E520006840C3 /* HIDDeviceTransport.swift */; };
		C98C35011C26544D006840C3 /* EV3Device.swift in Sources */ = {isa = PBXBuildFile; fileRef = C98C34C11C25EADB006840C3 /* EV3Device.swift */; };
		C98C35021C26544D006840C3 /* EV3Command.swift in Sources */ = {isa = PBXBuildFile; fileRef = C98C34C31C25EB2E006840C3 /* EV3Command.swift */; };
		C98C35031C26544D006840C3 /* EV3CommandOperation.swift in Sources */ = {isa = PBXBuildFile; fileRef = C98C34C51C25EC3B006840C3 /* EV3CommandOperation.swift */; };
		C98C35041C26544D006840C3 /* EV3CommandSerialization.swift in Sources */ = {isa = PBXBuildFile; fileRef = C98C34CE1C25F644006840C3 /* EV3CommandSerialization.swift */; };
		C98C35051C26544D006840C3 /* EV3GenericResponse.swift in Sources */ = {isa = PBXBuildFile; fileRef = C98C34DE1C260F28006840C3 /* EV3GenericResponse.swift */; };
		C98C35071C26544D006840C3 /* EV3PlayToneCommand.swift in Sources */ = {isa = PBXBuildFile; fileRef = C98C34C71C25EC57006840C3 /* EV3PlayToneCommand.swift */; };
		C98C35081C26544D006840C3 /* EV3ReadLightCommand.swift in Sources */ = {isa = PBXBuildFile; fileRef = C98C34EA1C264DD5006840C3 /* EV3ReadLightCommand.swift */; };
		C98C350A1C26544D006840C3 /* EV3SetLEDCommand.swift in Sources */ = {isa = PBXBuildFile; fileRef = C98C34E81C264532006840C3 /* EV3SetLEDCommand.swift */; };
		C98C350B1C26544D006840C3 /* EV3Types.swift in Sources */ = {isa = PBXBuildFile; fileRef = C98C34D61C260E0A006840C3 /* EV3Types.swift */; };
		C98C350C1C26544D006840C3 /* NSDataEV3Extras.swift in Sources */ = {isa = PBXBuildFile; fileRef = C98C34D01C25F893006840C3 /* NSDataEV3Extras.swift */; };
		C98C350D1C26544D006840C3 /* MindstormsCommand.swift in Sources */ = {isa = PBXBuildFile; fileRef = C98C34CC1C25F1EA006840C3 /* MindstormsCommand.swift */; };
		C98C350E1C26544D006840C3 /* MindstormsResponse.swift in Sources */ = {isa = PBXBuildFile; fileRef = C98C34DA1C260E72006840C3 /* MindstormsResponse.swift */; };
		C98C350F1C26544D006840C3 /* MindstormsType.swift in Sources */ = {isa = PBXBuildFile; fileRef = C98C34DC1C260EA6006840C3 /* MindstormsType.swift */; };
		C98C35101C26544D006840C3 /* NSDataNXTExtras.swift in Sources */ = {isa = PBXBuildFile; fileRef = C98C349F1C25D1D1006840C3 /* NSDataNXTExtras.swift */; };
		C98C35111C26544D006840C3 /* NXTCloseCommand.swift in Sources */ = {isa = PBXBuildFile; fileRef = C98C34A01C25D1D1006840C3 /* NXTCloseCommand.swift */; };
		C98C35121C26544D006840C3 /* NXTCommand.swift in Sources */ = {isa = PBXBuildFile; fileRef = C98C34A11C25D1D1006840C3 /* NXTCommand.swift */; };
		C98C35131C26544D006840C3 /* NXTCommandOperation.swift in Sources */ = {isa = PBXBuildFile; fileRef = C98C34BC1C25E28A006840C3 /* NXTCommandOperation.swift */; };
		C98C35141C26544D006840C3 /* NXTDeleteCommand.swift in Sources */ = {isa = PBXBuildFile; fileRef = C98C34A21C25D1D1006840C3 /* NXTDeleteCommand.swift */; };
		C98C35151C26544D006840C3 /* NXTDevice.swift in Sources */ = {isa = PBXBuildFile; fileRef = C98C34BA1C25E1E3006840C3 /* NXTDevice.swift */; };
		C98C35161C26544D006840C3 /* NXTFileResponse.swift in Sources */ = {isa = PBXBuildFile; fileRef = C98C34A31C25D1D1006840C3 /* NXTFileResponse.swift */; };
		C98C35171C26544D006840C3 /* NXTFindFirstCommand.swift in Sources */ = {isa = PBXBuildFile; fileRef = C98C34A41C25D1D1006840C3 /* NXTFindFirstCommand.swift */; };
		C98C35181C26544D006840C3 /* NXTFindNextCommand.swift in Sources */ = {isa = PBXBuildFile; fileRef = C98C34E21C262BC6006840C3 /* NXTFindNextCommand.swift */; };
		C98C35191C26544D006840C3 /* NXTGenericResponse.swift in Sources */ = {isa = PBXBuildFile; fileRef = C98C34A51C25D1D1006840C3 /* NXTGenericResponse.swift */; };
		C98C351A1C26544D006840C3 /* NXTStartProgramCommand.swift in Sources */ = {isa = PBXBuildFile; fileRef = C98C34E41C262CF3006840C3 /* NXTStartProgramCommand.swift */; };
		C98C351B1C26544D006840C3 /* NXTResponse.swift in Sources */ = {isa = PBXBuildFile; fileRef = C98C34A61C25D1D1006840C3 /* NXTResponse.swift */; };
		C98C351C1C26544D006840C3 /* NXTTypes.swift in Sources */ = {isa = PBXBuildFile; fileRef = C98C34A71C25D1D1006840C3 /* NXTTypes.swift */; };
		C9B138771C2B09650018812F /* EV3ListFilesCommand.swift in Sources */ = {isa = PBXBuildFile; fileRef = C9B138761C2B09650018812F /* EV3ListFilesCommand.swift */; };
		C9B138781C2B09650018812F /* EV3ListFilesCommand.swift in Sources */ = {isa = PBXBuildFile; fileRef = C9B138761C2B09650018812F /* EV3ListFilesCommand.swift */; };
		C9B1387A1C2B12BB0018812F /* EV3ListingResponse.swift in Sources */ = {isa = PBXBuildFile; fileRef = C9B138791C2B12BB0018812F /* EV3ListingResponse.swift */; };
		C9B1387B1C2B12BB0018812F /* EV3ListingResponse.swift in Sources */ = {isa = PBXBuildFile; fileRef = C9B138791C2B12BB0018812F /* EV3ListingResponse.swift */; };
/* End PBXBuildFile section */

/* Begin PBXContainerItemProxy section */
		C98C34791C25C160006840C3 /* PBXContainerItemProxy */ = {
			isa = PBXContainerItemProxy;
			containerPortal = C98C34641C25C160006840C3 /* Project object */;
			proxyType = 1;
			remoteGlobalIDString = C98C346C1C25C160006840C3;
			remoteInfo = RobotFoundation;
		};
/* End PBXContainerItemProxy section */

/* Begin PBXFileReference section */
		C907C25B1C2A239400647531 /* EV3SetMotorSpeedCommand.swift */ = {isa = PBXFileReference; fileEncoding = 4; lastKnownFileType = sourcecode.swift; path = EV3SetMotorSpeedCommand.swift; sourceTree = "<group>"; };
		C907C25E1C2A28B000647531 /* EV3StartMotorCommand.swift */ = {isa = PBXFileReference; fileEncoding = 4; lastKnownFileType = sourcecode.swift; path = EV3StartMotorCommand.swift; sourceTree = "<group>"; };
		C907C2641C2A2F0300647531 /* EV3StopMotorCommand.swift */ = {isa = PBXFileReference; fileEncoding = 4; lastKnownFileType = sourcecode.swift; path = EV3StopMotorCommand.swift; sourceTree = "<group>"; };
		C917F6891C272D6A00AE980B /* EV3HIDDeviceTests.swift */ = {isa = PBXFileReference; fileEncoding = 4; lastKnownFileType = sourcecode.swift; path = EV3HIDDeviceTests.swift; sourceTree = "<group>"; };
		C917F68E1C2731B700AE980B /* RobotDeviceDescriptorEV3Extras.swift */ = {isa = PBXFileReference; fileEncoding = 4; lastKnownFileType = sourcecode.swift; path = RobotDeviceDescriptorEV3Extras.swift; sourceTree = "<group>"; };
		C96945571C28F3760030DEB3 /* NXTHandleResponse.swift */ = {isa = PBXFileReference; fileEncoding = 4; lastKnownFileType = sourcecode.swift; path = NXTHandleResponse.swift; sourceTree = "<group>"; };
		C969455A1C28F3C50030DEB3 /* NXTHandleSizeResponse.swift */ = {isa = PBXFileReference; fileEncoding = 4; lastKnownFileType = sourcecode.swift; path = NXTHandleSizeResponse.swift; sourceTree = "<group>"; };
		C96945691C28F9690030DEB3 /* HIDDeviceSource.swift */ = {isa = PBXFileReference; fileEncoding = 4; lastKnownFileType = sourcecode.swift; path = HIDDeviceSource.swift; sourceTree = "<group>"; };
		C969456C1C28F97F0030DEB3 /* RobotDeviceManager.swift */ = {isa = PBXFileReference; fileEncoding = 4; lastKnownFileType = sourcecode.swift; path = RobotDeviceManager.swift; sourceTree = "<group>"; };
		C969456F1C28FA0B0030DEB3 /* RobotDeviceSource.swift */ = {isa = PBXFileReference; fileEncoding = 4; lastKnownFileType = sourcecode.swift; path = RobotDeviceSource.swift; sourceTree = "<group>"; };
		C96945721C28FB420030DEB3 /* RobotDeviceDescriptor.swift */ = {isa = PBXFileReference; fileEncoding = 4; lastKnownFileType = sourcecode.swift; path = RobotDeviceDescriptor.swift; sourceTree = "<group>"; };
		C96945751C28FC200030DEB3 /* MetaDevice.swift */ = {isa = PBXFileReference; fileEncoding = 4; lastKnownFileType = sourcecode.swift; path = MetaDevice.swift; sourceTree = "<group>"; };
		C96945781C28FCA30030DEB3 /* BluetoothDeviceSource.swift */ = {isa = PBXFileReference; fileEncoding = 4; lastKnownFileType = sourcecode.swift; path = BluetoothDeviceSource.swift; sourceTree = "<group>"; };
		C97551AD1C29C46A002A5796 /* EV3GetOSVersionCommand.swift */ = {isa = PBXFileReference; fileEncoding = 4; lastKnownFileType = sourcecode.swift; path = EV3GetOSVersionCommand.swift; sourceTree = "<group>"; };
		C97551B01C29D094002A5796 /* EV3StringResponse.swift */ = {isa = PBXFileReference; fileEncoding = 4; lastKnownFileType = sourcecode.swift; path = EV3StringResponse.swift; sourceTree = "<group>"; };
		C97551C01C29D74D002A5796 /* DeviceEV3Extras.swift */ = {isa = PBXFileReference; fileEncoding = 4; lastKnownFileType = sourcecode.swift; path = DeviceEV3Extras.swift; sourceTree = "<group>"; };
		C97868631C28BF960099BB82 /* EV3ReadTouchSensorCommand.swift */ = {isa = PBXFileReference; fileEncoding = 4; lastKnownFileType = sourcecode.swift; path = EV3ReadTouchSensorCommand.swift; sourceTree = "<group>"; };
		C97868661C28BFC10099BB82 /* EV3Constants.swift */ = {isa = PBXFileReference; fileEncoding = 4; lastKnownFileType = sourcecode.swift; path = EV3Constants.swift; sourceTree = "<group>"; };
		C97868691C28D0B00099BB82 /* EV3PercentByteResponse.swift */ = {isa = PBXFileReference; fileEncoding = 4; lastKnownFileType = sourcecode.swift; path = EV3PercentByteResponse.swift; sourceTree = "<group>"; };
		C978686C1C28DE5B0099BB82 /* EV3ReadColorCommand.swift */ = {isa = PBXFileReference; fileEncoding = 4; lastKnownFileType = sourcecode.swift; path = EV3ReadColorCommand.swift; sourceTree = "<group>"; };
		C978686F1C28DF5A0099BB82 /* EV3SetSensorModeCommand.swift */ = {isa = PBXFileReference; fileEncoding = 4; lastKnownFileType = sourcecode.swift; path = EV3SetSensorModeCommand.swift; sourceTree = "<group>"; };
		C97868721C28E89F0099BB82 /* EV3ColorResponse.swift */ = {isa = PBXFileReference; fileEncoding = 4; lastKnownFileType = sourcecode.swift; path = EV3ColorResponse.swift; sourceTree = "<group>"; };
		C98C346D1C25C160006840C3 /* RobotFoundation.framework */ = {isa = PBXFileReference; explicitFileType = wrapper.framework; includeInIndex = 0; path = RobotFoundation.framework; sourceTree = BUILT_PRODUCTS_DIR; };
		C98C34721C25C160006840C3 /* Info.plist */ = {isa = PBXFileReference; lastKnownFileType = text.plist.xml; path = Info.plist; sourceTree = "<group>"; };
		C98C34771C25C160006840C3 /* RobotFoundationTests.xctest */ = {isa = PBXFileReference; explicitFileType = wrapper.cfbundle; includeInIndex = 0; path = RobotFoundationTests.xctest; sourceTree = BUILT_PRODUCTS_DIR; };
		C98C347C1C25C160006840C3 /* RobotFoundationTests.swift */ = {isa = PBXFileReference; lastKnownFileType = sourcecode.swift; path = RobotFoundationTests.swift; sourceTree = "<group>"; };
		C98C347E1C25C160006840C3 /* Info.plist */ = {isa = PBXFileReference; lastKnownFileType = text.plist.xml; path = Info.plist; sourceTree = "<group>"; };
		C98C34871C25C262006840C3 /* RobotFoundation.h */ = {isa = PBXFileReference; fileEncoding = 4; lastKnownFileType = sourcecode.c.h; path = RobotFoundation.h; sourceTree = SOURCE_ROOT; };
		C98C349F1C25D1D1006840C3 /* NSDataNXTExtras.swift */ = {isa = PBXFileReference; fileEncoding = 4; lastKnownFileType = sourcecode.swift; path = NSDataNXTExtras.swift; sourceTree = "<group>"; };
		C98C34A01C25D1D1006840C3 /* NXTCloseCommand.swift */ = {isa = PBXFileReference; fileEncoding = 4; lastKnownFileType = sourcecode.swift; path = NXTCloseCommand.swift; sourceTree = "<group>"; };
		C98C34A11C25D1D1006840C3 /* NXTCommand.swift */ = {isa = PBXFileReference; fileEncoding = 4; lastKnownFileType = sourcecode.swift; path = NXTCommand.swift; sourceTree = "<group>"; };
		C98C34A21C25D1D1006840C3 /* NXTDeleteCommand.swift */ = {isa = PBXFileReference; fileEncoding = 4; lastKnownFileType = sourcecode.swift; path = NXTDeleteCommand.swift; sourceTree = "<group>"; };
		C98C34A31C25D1D1006840C3 /* NXTFileResponse.swift */ = {isa = PBXFileReference; fileEncoding = 4; lastKnownFileType = sourcecode.swift; path = NXTFileResponse.swift; sourceTree = "<group>"; };
		C98C34A41C25D1D1006840C3 /* NXTFindFirstCommand.swift */ = {isa = PBXFileReference; fileEncoding = 4; lastKnownFileType = sourcecode.swift; path = NXTFindFirstCommand.swift; sourceTree = "<group>"; };
		C98C34A51C25D1D1006840C3 /* NXTGenericResponse.swift */ = {isa = PBXFileReference; fileEncoding = 4; lastKnownFileType = sourcecode.swift; path = NXTGenericResponse.swift; sourceTree = "<group>"; };
		C98C34A61C25D1D1006840C3 /* NXTResponse.swift */ = {isa = PBXFileReference; fileEncoding = 4; lastKnownFileType = sourcecode.swift; path = NXTResponse.swift; sourceTree = "<group>"; };
		C98C34A71C25D1D1006840C3 /* NXTTypes.swift */ = {isa = PBXFileReference; fileEncoding = 4; lastKnownFileType = sourcecode.swift; path = NXTTypes.swift; sourceTree = "<group>"; };
		C98C34B21C25D24B006840C3 /* IOBluetoothDeviceTransport.swift */ = {isa = PBXFileReference; fileEncoding = 4; lastKnownFileType = sourcecode.swift; path = IOBluetoothDeviceTransport.swift; sourceTree = "<group>"; };
		C98C34B41C25D28D006840C3 /* DeviceTransport.swift */ = {isa = PBXFileReference; fileEncoding = 4; lastKnownFileType = sourcecode.swift; path = DeviceTransport.swift; sourceTree = "<group>"; };
		C98C34B61C25DC40006840C3 /* IOKitUtilities.swift */ = {isa = PBXFileReference; fileEncoding = 4; lastKnownFileType = sourcecode.swift; path = IOKitUtilities.swift; sourceTree = "<group>"; };
		C98C34B81C25E00D006840C3 /* Device.swift */ = {isa = PBXFileReference; fileEncoding = 4; lastKnownFileType = sourcecode.swift; path = Device.swift; sourceTree = "<group>"; };
		C98C34BA1C25E1E3006840C3 /* NXTDevice.swift */ = {isa = PBXFileReference; fileEncoding = 4; lastKnownFileType = sourcecode.swift; path = NXTDevice.swift; sourceTree = "<group>"; };
		C98C34BC1C25E28A006840C3 /* NXTCommandOperation.swift */ = {isa = PBXFileReference; fileEncoding = 4; lastKnownFileType = sourcecode.swift; path = NXTCommandOperation.swift; sourceTree = "<group>"; };
		C98C34BE1C25E520006840C3 /* HIDDeviceTransport.swift */ = {isa = PBXFileReference; fileEncoding = 4; lastKnownFileType = sourcecode.swift; path = HIDDeviceTransport.swift; sourceTree = "<group>"; };
		C98C34C11C25EADB006840C3 /* EV3Device.swift */ = {isa = PBXFileReference; fileEncoding = 4; lastKnownFileType = sourcecode.swift; path = EV3Device.swift; sourceTree = "<group>"; };
		C98C34C31C25EB2E006840C3 /* EV3Command.swift */ = {isa = PBXFileReference; fileEncoding = 4; lastKnownFileType = sourcecode.swift; path = EV3Command.swift; sourceTree = "<group>"; };
		C98C34C51C25EC3B006840C3 /* EV3CommandOperation.swift */ = {isa = PBXFileReference; fileEncoding = 4; lastKnownFileType = sourcecode.swift; path = EV3CommandOperation.swift; sourceTree = "<group>"; };
		C98C34C71C25EC57006840C3 /* EV3PlayToneCommand.swift */ = {isa = PBXFileReference; fileEncoding = 4; lastKnownFileType = sourcecode.swift; path = EV3PlayToneCommand.swift; sourceTree = "<group>"; };
		C98C34C91C25F134006840C3 /* EV3CommandTests.swift */ = {isa = PBXFileReference; fileEncoding = 4; lastKnownFileType = sourcecode.swift; path = EV3CommandTests.swift; sourceTree = "<group>"; };
		C98C34CC1C25F1EA006840C3 /* MindstormsCommand.swift */ = {isa = PBXFileReference; fileEncoding = 4; lastKnownFileType = sourcecode.swift; path = MindstormsCommand.swift; sourceTree = "<group>"; };
		C98C34CE1C25F644006840C3 /* EV3CommandSerialization.swift */ = {isa = PBXFileReference; fileEncoding = 4; lastKnownFileType = sourcecode.swift; path = EV3CommandSerialization.swift; sourceTree = "<group>"; };
		C98C34D01C25F893006840C3 /* NSDataEV3Extras.swift */ = {isa = PBXFileReference; fileEncoding = 4; lastKnownFileType = sourcecode.swift; path = NSDataEV3Extras.swift; sourceTree = "<group>"; };
		C98C34D21C25FA37006840C3 /* EV3DeviceTests.swift */ = {isa = PBXFileReference; fileEncoding = 4; lastKnownFileType = sourcecode.swift; path = EV3DeviceTests.swift; sourceTree = "<group>"; };
		C98C34D61C260E0A006840C3 /* EV3Types.swift */ = {isa = PBXFileReference; fileEncoding = 4; lastKnownFileType = sourcecode.swift; path = EV3Types.swift; sourceTree = "<group>"; };
		C98C34DA1C260E72006840C3 /* MindstormsResponse.swift */ = {isa = PBXFileReference; fileEncoding = 4; lastKnownFileType = sourcecode.swift; path = MindstormsResponse.swift; sourceTree = "<group>"; };
		C98C34DC1C260EA6006840C3 /* MindstormsType.swift */ = {isa = PBXFileReference; fileEncoding = 4; lastKnownFileType = sourcecode.swift; path = MindstormsType.swift; sourceTree = "<group>"; };
		C98C34DE1C260F28006840C3 /* EV3GenericResponse.swift */ = {isa = PBXFileReference; fileEncoding = 4; lastKnownFileType = sourcecode.swift; path = EV3GenericResponse.swift; sourceTree = "<group>"; };
		C98C34E01C2610AA006840C3 /* NSDataExtras.swift */ = {isa = PBXFileReference; fileEncoding = 4; lastKnownFileType = sourcecode.swift; path = NSDataExtras.swift; sourceTree = "<group>"; };
		C98C34E21C262BC6006840C3 /* NXTFindNextCommand.swift */ = {isa = PBXFileReference; fileEncoding = 4; lastKnownFileType = sourcecode.swift; path = NXTFindNextCommand.swift; sourceTree = "<group>"; };
		C98C34E41C262CF3006840C3 /* NXTStartProgramCommand.swift */ = {isa = PBXFileReference; fileEncoding = 4; lastKnownFileType = sourcecode.swift; path = NXTStartProgramCommand.swift; sourceTree = "<group>"; };
		C98C34E81C264532006840C3 /* EV3SetLEDCommand.swift */ = {isa = PBXFileReference; fileEncoding = 4; lastKnownFileType = sourcecode.swift; path = EV3SetLEDCommand.swift; sourceTree = "<group>"; };
		C98C34EA1C264DD5006840C3 /* EV3ReadLightCommand.swift */ = {isa = PBXFileReference; fileEncoding = 4; lastKnownFileType = sourcecode.swift; path = EV3ReadLightCommand.swift; sourceTree = "<group>"; };
		C98C34F31C26540C006840C3 /* MobileRobotFoundation.framework */ = {isa = PBXFileReference; explicitFileType = wrapper.framework; includeInIndex = 0; path = MobileRobotFoundation.framework; sourceTree = BUILT_PRODUCTS_DIR; };
		C98C34F51C26540C006840C3 /* MobileRobotFoundation.h */ = {isa = PBXFileReference; lastKnownFileType = sourcecode.c.h; path = MobileRobotFoundation.h; sourceTree = "<group>"; };
		C98C34F71C26540C006840C3 /* Info.plist */ = {isa = PBXFileReference; lastKnownFileType = text.plist.xml; path = Info.plist; sourceTree = "<group>"; };
		C9B138761C2B09650018812F /* EV3ListFilesCommand.swift */ = {isa = PBXFileReference; fileEncoding = 4; lastKnownFileType = sourcecode.swift; path = EV3ListFilesCommand.swift; sourceTree = "<group>"; };
		C9B138791C2B12BB0018812F /* EV3ListingResponse.swift */ = {isa = PBXFileReference; fileEncoding = 4; lastKnownFileType = sourcecode.swift; path = EV3ListingResponse.swift; sourceTree = "<group>"; };
/* End PBXFileReference section */

/* Begin PBXFrameworksBuildPhase section */
		C98C34691C25C160006840C3 /* Frameworks */ = {
			isa = PBXFrameworksBuildPhase;
			buildActionMask = 2147483647;
			files = (
			);
			runOnlyForDeploymentPostprocessing = 0;
		};
		C98C34741C25C160006840C3 /* Frameworks */ = {
			isa = PBXFrameworksBuildPhase;
			buildActionMask = 2147483647;
			files = (
				C98C34781C25C160006840C3 /* RobotFoundation.framework in Frameworks */,
			);
			runOnlyForDeploymentPostprocessing = 0;
		};
		C98C34EF1C26540C006840C3 /* Frameworks */ = {
			isa = PBXFrameworksBuildPhase;
			buildActionMask = 2147483647;
			files = (
			);
			runOnlyForDeploymentPostprocessing = 0;
		};
/* End PBXFrameworksBuildPhase section */

/* Begin PBXGroup section */
		C96945681C28F9690030DEB3 /* Device Discovery */ = {
			isa = PBXGroup;
			children = (
				C96945781C28FCA30030DEB3 /* BluetoothDeviceSource.swift */,
				C96945691C28F9690030DEB3 /* HIDDeviceSource.swift */,
				C96945751C28FC200030DEB3 /* MetaDevice.swift */,
				C96945721C28FB420030DEB3 /* RobotDeviceDescriptor.swift */,
				C969456F1C28FA0B0030DEB3 /* RobotDeviceSource.swift */,
				C969456C1C28F97F0030DEB3 /* RobotDeviceManager.swift */,
			);
			path = "Device Discovery";
			sourceTree = "<group>";
		};
		C98C34631C25C160006840C3 = {
			isa = PBXGroup;
			children = (
				C98C34891C25C38A006840C3 /* Sources */,
				C98C346F1C25C160006840C3 /* RobotFoundation */,
				C98C347B1C25C160006840C3 /* RobotFoundationTests */,
				C98C34F41C26540C006840C3 /* MobileRobotFoundation */,
				C98C346E1C25C160006840C3 /* Products */,
			);
			sourceTree = "<group>";
		};
		C98C346E1C25C160006840C3 /* Products */ = {
			isa = PBXGroup;
			children = (
				C98C346D1C25C160006840C3 /* RobotFoundation.framework */,
				C98C34771C25C160006840C3 /* RobotFoundationTests.xctest */,
				C98C34F31C26540C006840C3 /* MobileRobotFoundation.framework */,
			);
			name = Products;
			sourceTree = "<group>";
		};
		C98C346F1C25C160006840C3 /* RobotFoundation */ = {
			isa = PBXGroup;
			children = (
				C98C34871C25C262006840C3 /* RobotFoundation.h */,
				C98C34721C25C160006840C3 /* Info.plist */,
			);
			path = RobotFoundation;
			sourceTree = "<group>";
		};
		C98C347B1C25C160006840C3 /* RobotFoundationTests */ = {
			isa = PBXGroup;
			children = (
				C98C34C91C25F134006840C3 /* EV3CommandTests.swift */,
				C98C34D21C25FA37006840C3 /* EV3DeviceTests.swift */,
				C917F6891C272D6A00AE980B /* EV3HIDDeviceTests.swift */,
				C98C347C1C25C160006840C3 /* RobotFoundationTests.swift */,
				C98C347E1C25C160006840C3 /* Info.plist */,
			);
			path = RobotFoundationTests;
			sourceTree = "<group>";
		};
		C98C34891C25C38A006840C3 /* Sources */ = {
			isa = PBXGroup;
			children = (
				C98C34E01C2610AA006840C3 /* NSDataExtras.swift */,
				C98C34B11C25D1F7006840C3 /* Device */,
				C96945681C28F9690030DEB3 /* Device Discovery */,
				C98C34C01C25EA10006840C3 /* EV3 */,
				C98C34CB1C25F1E0006840C3 /* Mindstorms */,
				C98C349E1C25D1D1006840C3 /* NXT */,
			);
			path = Sources;
			sourceTree = "<group>";
		};
		C98C349E1C25D1D1006840C3 /* NXT */ = {
			isa = PBXGroup;
			children = (
				C98C349F1C25D1D1006840C3 /* NSDataNXTExtras.swift */,
				C98C34A01C25D1D1006840C3 /* NXTCloseCommand.swift */,
				C98C34A11C25D1D1006840C3 /* NXTCommand.swift */,
				C98C34BC1C25E28A006840C3 /* NXTCommandOperation.swift */,
				C98C34A21C25D1D1006840C3 /* NXTDeleteCommand.swift */,
				C98C34BA1C25E1E3006840C3 /* NXTDevice.swift */,
				C98C34A31C25D1D1006840C3 /* NXTFileResponse.swift */,
				C98C34A41C25D1D1006840C3 /* NXTFindFirstCommand.swift */,
				C98C34E21C262BC6006840C3 /* NXTFindNextCommand.swift */,
				C98C34A51C25D1D1006840C3 /* NXTGenericResponse.swift */,
				C96945571C28F3760030DEB3 /* NXTHandleResponse.swift */,
				C969455A1C28F3C50030DEB3 /* NXTHandleSizeResponse.swift */,
				C98C34E41C262CF3006840C3 /* NXTStartProgramCommand.swift */,
				C98C34A61C25D1D1006840C3 /* NXTResponse.swift */,
				C98C34A71C25D1D1006840C3 /* NXTTypes.swift */,
			);
			path = NXT;
			sourceTree = "<group>";
		};
		C98C34B11C25D1F7006840C3 /* Device */ = {
			isa = PBXGroup;
			children = (
				C98C34B81C25E00D006840C3 /* Device.swift */,
				C98C34B41C25D28D006840C3 /* DeviceTransport.swift */,
				C98C34B21C25D24B006840C3 /* IOBluetoothDeviceTransport.swift */,
				C98C34B61C25DC40006840C3 /* IOKitUtilities.swift */,
				C98C34BE1C25E520006840C3 /* HIDDeviceTransport.swift */,
			);
			path = Device;
			sourceTree = "<group>";
		};
		C98C34C01C25EA10006840C3 /* EV3 */ = {
			isa = PBXGroup;
			children = (
				C97868721C28E89F0099BB82 /* EV3ColorResponse.swift */,
				C98C34C31C25EB2E006840C3 /* EV3Command.swift */,
				C98C34C51C25EC3B006840C3 /* EV3CommandOperation.swift */,
				C98C34CE1C25F644006840C3 /* EV3CommandSerialization.swift */,
				C97868661C28BFC10099BB82 /* EV3Constants.swift */,
				C98C34C11C25EADB006840C3 /* EV3Device.swift */,
				C98C34DE1C260F28006840C3 /* EV3GenericResponse.swift */,
				C97551AD1C29C46A002A5796 /* EV3GetOSVersionCommand.swift */,
				C9B138761C2B09650018812F /* EV3ListFilesCommand.swift */,
				C9B138791C2B12BB0018812F /* EV3ListingResponse.swift */,
				C97868691C28D0B00099BB82 /* EV3PercentByteResponse.swift */,
				C98C34C71C25EC57006840C3 /* EV3PlayToneCommand.swift */,
				C978686C1C28DE5B0099BB82 /* EV3ReadColorCommand.swift */,
				C98C34EA1C264DD5006840C3 /* EV3ReadLightCommand.swift */,
				C97868631C28BF960099BB82 /* EV3ReadTouchSensorCommand.swift */,
				C907C25B1C2A239400647531 /* EV3SetMotorSpeedCommand.swift */,
				C978686F1C28DF5A0099BB82 /* EV3SetSensorModeCommand.swift */,
				C98C34E81C264532006840C3 /* EV3SetLEDCommand.swift */,
				C907C25E1C2A28B000647531 /* EV3StartMotorCommand.swift */,
				C907C2641C2A2F0300647531 /* EV3StopMotorCommand.swift */,
				C97551B01C29D094002A5796 /* EV3StringResponse.swift */,
				C98C34D61C260E0A006840C3 /* EV3Types.swift */,
				C98C34D01C25F893006840C3 /* NSDataEV3Extras.swift */,
				C917F68E1C2731B700AE980B /* RobotDeviceDescriptorEV3Extras.swift */,
				C97551C01C29D74D002A5796 /* DeviceEV3Extras.swift */,
			);
			path = EV3;
			sourceTree = "<group>";
		};
		C98C34CB1C25F1E0006840C3 /* Mindstorms */ = {
			isa = PBXGroup;
			children = (
				C98C34CC1C25F1EA006840C3 /* MindstormsCommand.swift */,
				C98C34DA1C260E72006840C3 /* MindstormsResponse.swift */,
				C98C34DC1C260EA6006840C3 /* MindstormsType.swift */,
			);
			path = Mindstorms;
			sourceTree = "<group>";
		};
		C98C34F41C26540C006840C3 /* MobileRobotFoundation */ = {
			isa = PBXGroup;
			children = (
				C98C34F51C26540C006840C3 /* MobileRobotFoundation.h */,
				C98C34F71C26540C006840C3 /* Info.plist */,
			);
			path = MobileRobotFoundation;
			sourceTree = "<group>";
		};
/* End PBXGroup section */

/* Begin PBXHeadersBuildPhase section */
		C98C346A1C25C160006840C3 /* Headers */ = {
			isa = PBXHeadersBuildPhase;
			buildActionMask = 2147483647;
			files = (
				C98C34881C25C262006840C3 /* RobotFoundation.h in Headers */,
			);
			runOnlyForDeploymentPostprocessing = 0;
		};
		C98C34F01C26540C006840C3 /* Headers */ = {
			isa = PBXHeadersBuildPhase;
			buildActionMask = 2147483647;
			files = (
				C98C34F61C26540C006840C3 /* MobileRobotFoundation.h in Headers */,
			);
			runOnlyForDeploymentPostprocessing = 0;
		};
/* End PBXHeadersBuildPhase section */

/* Begin PBXNativeTarget section */
		C98C346C1C25C160006840C3 /* RobotFoundation */ = {
			isa = PBXNativeTarget;
			buildConfigurationList = C98C34811C25C160006840C3 /* Build configuration list for PBXNativeTarget "RobotFoundation" */;
			buildPhases = (
				C98C34681C25C160006840C3 /* Sources */,
				C98C34691C25C160006840C3 /* Frameworks */,
				C98C346A1C25C160006840C3 /* Headers */,
				C98C346B1C25C160006840C3 /* Resources */,
			);
			buildRules = (
			);
			dependencies = (
			);
			name = RobotFoundation;
			productName = RobotFoundation;
			productReference = C98C346D1C25C160006840C3 /* RobotFoundation.framework */;
			productType = "com.apple.product-type.framework";
		};
		C98C34761C25C160006840C3 /* RobotFoundationTests */ = {
			isa = PBXNativeTarget;
			buildConfigurationList = C98C34841C25C160006840C3 /* Build configuration list for PBXNativeTarget "RobotFoundationTests" */;
			buildPhases = (
				C98C34731C25C160006840C3 /* Sources */,
				C98C34741C25C160006840C3 /* Frameworks */,
				C98C34751C25C160006840C3 /* Resources */,
			);
			buildRules = (
			);
			dependencies = (
				C98C347A1C25C160006840C3 /* PBXTargetDependency */,
			);
			name = RobotFoundationTests;
			productName = RobotFoundationTests;
			productReference = C98C34771C25C160006840C3 /* RobotFoundationTests.xctest */;
			productType = "com.apple.product-type.bundle.unit-test";
		};
		C98C34F21C26540C006840C3 /* MobileRobotFoundation */ = {
			isa = PBXNativeTarget;
			buildConfigurationList = C98C34F81C26540C006840C3 /* Build configuration list for PBXNativeTarget "MobileRobotFoundation" */;
			buildPhases = (
				C98C34EE1C26540C006840C3 /* Sources */,
				C98C34EF1C26540C006840C3 /* Frameworks */,
				C98C34F01C26540C006840C3 /* Headers */,
				C98C34F11C26540C006840C3 /* Resources */,
			);
			buildRules = (
			);
			dependencies = (
			);
			name = MobileRobotFoundation;
			productName = MobileRobotFoundation;
			productReference = C98C34F31C26540C006840C3 /* MobileRobotFoundation.framework */;
			productType = "com.apple.product-type.framework";
		};
/* End PBXNativeTarget section */

/* Begin PBXProject section */
		C98C34641C25C160006840C3 /* Project object */ = {
			isa = PBXProject;
			attributes = {
				LastSwiftUpdateCheck = 0720;
				LastUpgradeCheck = 0720;
				ORGANIZATIONNAME = "Matt Rajca";
				TargetAttributes = {
					C98C346C1C25C160006840C3 = {
						CreatedOnToolsVersion = 7.2;
					};
					C98C34761C25C160006840C3 = {
						CreatedOnToolsVersion = 7.2;
					};
					C98C34F21C26540C006840C3 = {
						CreatedOnToolsVersion = 7.2;
					};
				};
			};
			buildConfigurationList = C98C34671C25C160006840C3 /* Build configuration list for PBXProject "RobotFoundation" */;
			compatibilityVersion = "Xcode 3.2";
			developmentRegion = English;
			hasScannedForEncodings = 0;
			knownRegions = (
				en,
			);
			mainGroup = C98C34631C25C160006840C3;
			productRefGroup = C98C346E1C25C160006840C3 /* Products */;
			projectDirPath = "";
			projectRoot = "";
			targets = (
				C98C346C1C25C160006840C3 /* RobotFoundation */,
				C98C34F21C26540C006840C3 /* MobileRobotFoundation */,
				C98C34761C25C160006840C3 /* RobotFoundationTests */,
			);
		};
/* End PBXProject section */

/* Begin PBXResourcesBuildPhase section */
		C98C346B1C25C160006840C3 /* Resources */ = {
			isa = PBXResourcesBuildPhase;
			buildActionMask = 2147483647;
			files = (
			);
			runOnlyForDeploymentPostprocessing = 0;
		};
		C98C34751C25C160006840C3 /* Resources */ = {
			isa = PBXResourcesBuildPhase;
			buildActionMask = 2147483647;
			files = (
			);
			runOnlyForDeploymentPostprocessing = 0;
		};
		C98C34F11C26540C006840C3 /* Resources */ = {
			isa = PBXResourcesBuildPhase;
			buildActionMask = 2147483647;
			files = (
			);
			runOnlyForDeploymentPostprocessing = 0;
		};
/* End PBXResourcesBuildPhase section */

/* Begin PBXSourcesBuildPhase section */
		C98C34681C25C160006840C3 /* Sources */ = {
			isa = PBXSourcesBuildPhase;
			buildActionMask = 2147483647;
			files = (
				C98C34B91C25E00D006840C3 /* Device.swift in Sources */,
				C969456A1C28F9690030DEB3 /* HIDDeviceSource.swift in Sources */,
				C98C34CD1C25F1EA006840C3 /* MindstormsCommand.swift in Sources */,
				C98C34AD1C25D1D1006840C3 /* NXTFindFirstCommand.swift in Sources */,
				C9B1387A1C2B12BB0018812F /* EV3ListingResponse.swift in Sources */,
				C969456D1C28F97F0030DEB3 /* RobotDeviceManager.swift in Sources */,
				C98C34A81C25D1D1006840C3 /* NSDataNXTExtras.swift in Sources */,
				C907C25F1C2A28B000647531 /* EV3StartMotorCommand.swift in Sources */,
				C98C34D71C260E0A006840C3 /* EV3Types.swift in Sources */,
				C97868731C28E89F0099BB82 /* EV3ColorResponse.swift in Sources */,
				C98C34AB1C25D1D1006840C3 /* NXTDeleteCommand.swift in Sources */,
				C97868641C28BF960099BB82 /* EV3ReadTouchSensorCommand.swift in Sources */,
				C96945731C28FB420030DEB3 /* RobotDeviceDescriptor.swift in Sources */,
				C96945581C28F3760030DEB3 /* NXTHandleResponse.swift in Sources */,
				C98C34BF1C25E520006840C3 /* HIDDeviceTransport.swift in Sources */,
				C96945701C28FA0B0030DEB3 /* RobotDeviceSource.swift in Sources */,
				C907C25C1C2A239400647531 /* EV3SetMotorSpeedCommand.swift in Sources */,
				C97868701C28DF5A0099BB82 /* EV3SetSensorModeCommand.swift in Sources */,
				C98C34DB1C260E72006840C3 /* MindstormsResponse.swift in Sources */,
				C98C34BB1C25E1E3006840C3 /* NXTDevice.swift in Sources */,
				C97551B11C29D094002A5796 /* EV3StringResponse.swift in Sources */,
				C98C34D11C25F893006840C3 /* NSDataEV3Extras.swift in Sources */,
				C978686D1C28DE5B0099BB82 /* EV3ReadColorCommand.swift in Sources */,
				C98C34C41C25EB2E006840C3 /* EV3Command.swift in Sources */,
				C98C34BD1C25E28A006840C3 /* NXTCommandOperation.swift in Sources */,
				C98C34DF1C260F28006840C3 /* EV3GenericResponse.swift in Sources */,
				C98C34B71C25DC40006840C3 /* IOKitUtilities.swift in Sources */,
				C978686A1C28D0B00099BB82 /* EV3PercentByteResponse.swift in Sources */,
				C98C34AA1C25D1D1006840C3 /* NXTCommand.swift in Sources */,
				C98C34E11C2610AA006840C3 /* NSDataExtras.swift in Sources */,
				C98C34AE1C25D1D1006840C3 /* NXTGenericResponse.swift in Sources */,
				C98C34EB1C264DD5006840C3 /* EV3ReadLightCommand.swift in Sources */,
				C969455B1C28F3C50030DEB3 /* NXTHandleSizeResponse.swift in Sources */,
				C98C34AF1C25D1D1006840C3 /* NXTResponse.swift in Sources */,
				C96945761C28FC200030DEB3 /* MetaDevice.swift in Sources */,
				C98C34C81C25EC57006840C3 /* EV3PlayToneCommand.swift in Sources */,
				C98C34C61C25EC3B006840C3 /* EV3CommandOperation.swift in Sources */,
				C98C34B51C25D28D006840C3 /* DeviceTransport.swift in Sources */,
				C98C34E31C262BC6006840C3 /* NXTFindNextCommand.swift in Sources */,
				C98C34C21C25EADB006840C3 /* EV3Device.swift in Sources */,
				C98C34E51C262CF3006840C3 /* NXTStartProgramCommand.swift in Sources */,
				C97868671C28BFC10099BB82 /* EV3Constants.swift in Sources */,
				C917F68F1C2731B700AE980B /* RobotDeviceDescriptorEV3Extras.swift in Sources */,
				C96945791C28FCA30030DEB3 /* BluetoothDeviceSource.swift in Sources */,
				C98C34CF1C25F644006840C3 /* EV3CommandSerialization.swift in Sources */,
				C9B138771C2B09650018812F /* EV3ListFilesCommand.swift in Sources */,
				C98C34B01C25D1D1006840C3 /* NXTTypes.swift in Sources */,
				C98C34AC1C25D1D1006840C3 /* NXTFileResponse.swift in Sources */,
				C98C34B31C25D24B006840C3 /* IOBluetoothDeviceTransport.swift in Sources */,
				C97551AE1C29C46A002A5796 /* EV3GetOSVersionCommand.swift in Sources */,
				C98C34A91C25D1D1006840C3 /* NXTCloseCommand.swift in Sources */,
				C98C34DD1C260EA6006840C3 /* MindstormsType.swift in Sources */,
				C98C34E91C264532006840C3 /* EV3SetLEDCommand.swift in Sources */,
				C907C2651C2A2F0300647531 /* EV3StopMotorCommand.swift in Sources */,
				C97551C11C29D74D002A5796 /* DeviceEV3Extras.swift in Sources */,
			);
			runOnlyForDeploymentPostprocessing = 0;
		};
		C98C34731C25C160006840C3 /* Sources */ = {
			isa = PBXSourcesBuildPhase;
			buildActionMask = 2147483647;
			files = (
				C917F68A1C272D6A00AE980B /* EV3HIDDeviceTests.swift in Sources */,
				C98C34CA1C25F134006840C3 /* EV3CommandTests.swift in Sources */,
				C98C34D31C25FA37006840C3 /* EV3DeviceTests.swift in Sources */,
				C98C347D1C25C160006840C3 /* RobotFoundationTests.swift in Sources */,
			);
			runOnlyForDeploymentPostprocessing = 0;
		};
		C98C34EE1C26540C006840C3 /* Sources */ = {
			isa = PBXSourcesBuildPhase;
			buildActionMask = 2147483647;
			files = (
				C98C34FB1C26544D006840C3 /* NSDataExtras.swift in Sources */,
				C969456B1C28F9690030DEB3 /* HIDDeviceSource.swift in Sources */,
				C98C34FC1C26544D006840C3 /* Device.swift in Sources */,
				C98C34FD1C26544D006840C3 /* DeviceTransport.swift in Sources */,
				C9B1387B1C2B12BB0018812F /* EV3ListingResponse.swift in Sources */,
				C969456E1C28F97F0030DEB3 /* RobotDeviceManager.swift in Sources */,
				C98C34FE1C26544D006840C3 /* IOBluetoothDeviceTransport.swift in Sources */,
				C907C2601C2A28B000647531 /* EV3StartMotorCommand.swift in Sources */,
				C98C34FF1C26544D006840C3 /* IOKitUtilities.swift in Sources */,
				C97868741C28E89F0099BB82 /* EV3ColorResponse.swift in Sources */,
				C98C35001C26544D006840C3 /* HIDDeviceTransport.swift in Sources */,
				C98C35011C26544D006840C3 /* EV3Device.swift in Sources */,
				C97868651C28BF960099BB82 /* EV3ReadTouchSensorCommand.swift in Sources */,
				C96945741C28FB420030DEB3 /* RobotDeviceDescriptor.swift in Sources */,
				C96945591C28F3760030DEB3 /* NXTHandleResponse.swift in Sources */,
				C98C35021C26544D006840C3 /* EV3Command.swift in Sources */,
				C96945711C28FA0B0030DEB3 /* RobotDeviceSource.swift in Sources */,
				C907C25D1C2A239400647531 /* EV3SetMotorSpeedCommand.swift in Sources */,
				C97868711C28DF5A0099BB82 /* EV3SetSensorModeCommand.swift in Sources */,
				C98C35031C26544D006840C3 /* EV3CommandOperation.swift in Sources */,
				C98C35041C26544D006840C3 /* EV3CommandSerialization.swift in Sources */,
				C97551B21C29D094002A5796 /* EV3StringResponse.swift in Sources */,
				C98C35051C26544D006840C3 /* EV3GenericResponse.swift in Sources */,
				C978686E1C28DE5B0099BB82 /* EV3ReadColorCommand.swift in Sources */,
				C98C35071C26544D006840C3 /* EV3PlayToneCommand.swift in Sources */,
				C98C35081C26544D006840C3 /* EV3ReadLightCommand.swift in Sources */,
				C978686B1C28D0B00099BB82 /* EV3PercentByteResponse.swift in Sources */,
				C98C350A1C26544D006840C3 /* EV3SetLEDCommand.swift in Sources */,
				C98C350B1C26544D006840C3 /* EV3Types.swift in Sources */,
				C98C350C1C26544D006840C3 /* NSDataEV3Extras.swift in Sources */,
				C98C350D1C26544D006840C3 /* MindstormsCommand.swift in Sources */,
				C969455C1C28F3C50030DEB3 /* NXTHandleSizeResponse.swift in Sources */,
				C98C350E1C26544D006840C3 /* MindstormsResponse.swift in Sources */,
				C98C350F1C26544D006840C3 /* MindstormsType.swift in Sources */,
				C96945771C28FC200030DEB3 /* MetaDevice.swift in Sources */,
				C98C35101C26544D006840C3 /* NSDataNXTExtras.swift in Sources */,
				C98C35111C26544D006840C3 /* NXTCloseCommand.swift in Sources */,
				C98C35121C26544D006840C3 /* NXTCommand.swift in Sources */,
				C98C35131C26544D006840C3 /* NXTCommandOperation.swift in Sources */,
				C98C35141C26544D006840C3 /* NXTDeleteCommand.swift in Sources */,
				C97868681C28BFC10099BB82 /* EV3Constants.swift in Sources */,
				C917F6901C2731B700AE980B /* RobotDeviceDescriptorEV3Extras.swift in Sources */,
				C98C35151C26544D006840C3 /* NXTDevice.swift in Sources */,
				C969457A1C28FCA30030DEB3 /* BluetoothDeviceSource.swift in Sources */,
				C98C35161C26544D006840C3 /* NXTFileResponse.swift in Sources */,
				C9B138781C2B09650018812F /* EV3ListFilesCommand.swift in Sources */,
				C98C35171C26544D006840C3 /* NXTFindFirstCommand.swift in Sources */,
				C98C35181C26544D006840C3 /* NXTFindNextCommand.swift in Sources */,
				C98C35191C26544D006840C3 /* NXTGenericResponse.swift in Sources */,
				C97551AF1C29C46A002A5796 /* EV3GetOSVersionCommand.swift in Sources */,
				C98C351A1C26544D006840C3 /* NXTStartProgramCommand.swift in Sources */,
				C98C351B1C26544D006840C3 /* NXTResponse.swift in Sources */,
				C98C351C1C26544D006840C3 /* NXTTypes.swift in Sources */,
				C907C2661C2A2F0300647531 /* EV3StopMotorCommand.swift in Sources */,
				C97551C21C29D74D002A5796 /* DeviceEV3Extras.swift in Sources */,
			);
			runOnlyForDeploymentPostprocessing = 0;
		};
/* End PBXSourcesBuildPhase section */

/* Begin PBXTargetDependency section */
		C98C347A1C25C160006840C3 /* PBXTargetDependency */ = {
			isa = PBXTargetDependency;
			target = C98C346C1C25C160006840C3 /* RobotFoundation */;
			targetProxy = C98C34791C25C160006840C3 /* PBXContainerItemProxy */;
		};
/* End PBXTargetDependency section */

/* Begin XCBuildConfiguration section */
		C98C347F1C25C160006840C3 /* Debug */ = {
			isa = XCBuildConfiguration;
			buildSettings = {
				ALWAYS_SEARCH_USER_PATHS = NO;
				CLANG_CXX_LANGUAGE_STANDARD = "gnu++0x";
				CLANG_CXX_LIBRARY = "libc++";
				CLANG_ENABLE_MODULES = YES;
				CLANG_ENABLE_OBJC_ARC = YES;
				CLANG_WARN_BOOL_CONVERSION = YES;
				CLANG_WARN_CONSTANT_CONVERSION = YES;
				CLANG_WARN_DIRECT_OBJC_ISA_USAGE = YES_ERROR;
				CLANG_WARN_EMPTY_BODY = YES;
				CLANG_WARN_ENUM_CONVERSION = YES;
				CLANG_WARN_INT_CONVERSION = YES;
				CLANG_WARN_OBJC_ROOT_CLASS = YES_ERROR;
				CLANG_WARN_UNREACHABLE_CODE = YES;
				CLANG_WARN__DUPLICATE_METHOD_MATCH = YES;
				CODE_SIGN_IDENTITY = "-";
				COPY_PHASE_STRIP = NO;
				CURRENT_PROJECT_VERSION = 1;
				DEBUG_INFORMATION_FORMAT = dwarf;
				ENABLE_STRICT_OBJC_MSGSEND = YES;
				ENABLE_TESTABILITY = YES;
				GCC_C_LANGUAGE_STANDARD = gnu99;
				GCC_DYNAMIC_NO_PIC = NO;
				GCC_NO_COMMON_BLOCKS = YES;
				GCC_OPTIMIZATION_LEVEL = 0;
				GCC_PREPROCESSOR_DEFINITIONS = (
					"DEBUG=1",
					"$(inherited)",
				);
				GCC_WARN_64_TO_32_BIT_CONVERSION = YES;
				GCC_WARN_ABOUT_RETURN_TYPE = YES_ERROR;
				GCC_WARN_UNDECLARED_SELECTOR = YES;
				GCC_WARN_UNINITIALIZED_AUTOS = YES_AGGRESSIVE;
				GCC_WARN_UNUSED_FUNCTION = YES;
				GCC_WARN_UNUSED_VARIABLE = YES;
				MACOSX_DEPLOYMENT_TARGET = 10.11;
				MTL_ENABLE_DEBUG_INFO = YES;
				ONLY_ACTIVE_ARCH = YES;
				SDKROOT = macosx;
				SWIFT_OPTIMIZATION_LEVEL = "-Onone";
				VERSIONING_SYSTEM = "apple-generic";
				VERSION_INFO_PREFIX = "";
			};
			name = Debug;
		};
		C98C34801C25C160006840C3 /* Release */ = {
			isa = XCBuildConfiguration;
			buildSettings = {
				ALWAYS_SEARCH_USER_PATHS = NO;
				CLANG_CXX_LANGUAGE_STANDARD = "gnu++0x";
				CLANG_CXX_LIBRARY = "libc++";
				CLANG_ENABLE_MODULES = YES;
				CLANG_ENABLE_OBJC_ARC = YES;
				CLANG_WARN_BOOL_CONVERSION = YES;
				CLANG_WARN_CONSTANT_CONVERSION = YES;
				CLANG_WARN_DIRECT_OBJC_ISA_USAGE = YES_ERROR;
				CLANG_WARN_EMPTY_BODY = YES;
				CLANG_WARN_ENUM_CONVERSION = YES;
				CLANG_WARN_INT_CONVERSION = YES;
				CLANG_WARN_OBJC_ROOT_CLASS = YES_ERROR;
				CLANG_WARN_UNREACHABLE_CODE = YES;
				CLANG_WARN__DUPLICATE_METHOD_MATCH = YES;
				CODE_SIGN_IDENTITY = "-";
				COPY_PHASE_STRIP = NO;
				CURRENT_PROJECT_VERSION = 1;
				DEBUG_INFORMATION_FORMAT = "dwarf-with-dsym";
				ENABLE_NS_ASSERTIONS = NO;
				ENABLE_STRICT_OBJC_MSGSEND = YES;
				GCC_C_LANGUAGE_STANDARD = gnu99;
				GCC_NO_COMMON_BLOCKS = YES;
				GCC_WARN_64_TO_32_BIT_CONVERSION = YES;
				GCC_WARN_ABOUT_RETURN_TYPE = YES_ERROR;
				GCC_WARN_UNDECLARED_SELECTOR = YES;
				GCC_WARN_UNINITIALIZED_AUTOS = YES_AGGRESSIVE;
				GCC_WARN_UNUSED_FUNCTION = YES;
				GCC_WARN_UNUSED_VARIABLE = YES;
				MACOSX_DEPLOYMENT_TARGET = 10.11;
				MTL_ENABLE_DEBUG_INFO = NO;
				SDKROOT = macosx;
				VERSIONING_SYSTEM = "apple-generic";
				VERSION_INFO_PREFIX = "";
			};
			name = Release;
		};
		C98C34821C25C160006840C3 /* Debug */ = {
			isa = XCBuildConfiguration;
			buildSettings = {
				CLANG_ENABLE_MODULES = YES;
				COMBINE_HIDPI_IMAGES = YES;
				DEFINES_MODULE = YES;
				DYLIB_COMPATIBILITY_VERSION = 1;
				DYLIB_CURRENT_VERSION = 1;
				DYLIB_INSTALL_NAME_BASE = "@rpath";
				FRAMEWORK_VERSION = A;
				INFOPLIST_FILE = "$(SRCROOT)/Info.plist";
				INSTALL_PATH = "$(LOCAL_LIBRARY_DIR)/Frameworks";
				LD_RUNPATH_SEARCH_PATHS = "$(inherited) @executable_path/../Frameworks @loader_path/Frameworks";
				PRODUCT_BUNDLE_IDENTIFIER = com.MattRajca.RobotFoundation;
				PRODUCT_NAME = "$(TARGET_NAME)";
				SKIP_INSTALL = YES;
				SWIFT_OPTIMIZATION_LEVEL = "-Onone";
			};
			name = Debug;
		};
		C98C34831C25C160006840C3 /* Release */ = {
			isa = XCBuildConfiguration;
			buildSettings = {
				CLANG_ENABLE_MODULES = YES;
				COMBINE_HIDPI_IMAGES = YES;
				DEFINES_MODULE = YES;
				DYLIB_COMPATIBILITY_VERSION = 1;
				DYLIB_CURRENT_VERSION = 1;
				DYLIB_INSTALL_NAME_BASE = "@rpath";
				FRAMEWORK_VERSION = A;
				INFOPLIST_FILE = "$(SRCROOT)/Info.plist";
				INSTALL_PATH = "$(LOCAL_LIBRARY_DIR)/Frameworks";
				LD_RUNPATH_SEARCH_PATHS = "$(inherited) @executable_path/../Frameworks @loader_path/Frameworks";
				PRODUCT_BUNDLE_IDENTIFIER = com.MattRajca.RobotFoundation;
				PRODUCT_NAME = "$(TARGET_NAME)";
				SKIP_INSTALL = YES;
			};
			name = Release;
		};
		C98C34851C25C160006840C3 /* Debug */ = {
			isa = XCBuildConfiguration;
			buildSettings = {
				COMBINE_HIDPI_IMAGES = YES;
				INFOPLIST_FILE = RobotFoundationTests/Info.plist;
				LD_RUNPATH_SEARCH_PATHS = "$(inherited) @executable_path/../Frameworks @loader_path/../Frameworks";
				PRODUCT_BUNDLE_IDENTIFIER = com.MattRajca.RobotFoundationTests;
				PRODUCT_NAME = "$(TARGET_NAME)";
			};
			name = Debug;
		};
		C98C34861C25C160006840C3 /* Release */ = {
			isa = XCBuildConfiguration;
			buildSettings = {
				COMBINE_HIDPI_IMAGES = YES;
				INFOPLIST_FILE = RobotFoundationTests/Info.plist;
				LD_RUNPATH_SEARCH_PATHS = "$(inherited) @executable_path/../Frameworks @loader_path/../Frameworks";
				PRODUCT_BUNDLE_IDENTIFIER = com.MattRajca.RobotFoundationTests;
				PRODUCT_NAME = "$(TARGET_NAME)";
			};
			name = Release;
		};
		C98C34F91C26540C006840C3 /* Debug */ = {
			isa = XCBuildConfiguration;
			buildSettings = {
				"CODE_SIGN_IDENTITY[sdk=iphoneos*]" = "iPhone Developer";
				DEFINES_MODULE = YES;
				DYLIB_COMPATIBILITY_VERSION = 1;
				DYLIB_CURRENT_VERSION = 1;
				DYLIB_INSTALL_NAME_BASE = "@rpath";
				INFOPLIST_FILE = MobileRobotFoundation/Info.plist;
				INSTALL_PATH = "$(LOCAL_LIBRARY_DIR)/Frameworks";
				IPHONEOS_DEPLOYMENT_TARGET = 9.2;
				LD_RUNPATH_SEARCH_PATHS = "$(inherited) @executable_path/Frameworks @loader_path/Frameworks";
				PRODUCT_BUNDLE_IDENTIFIER = com.MattRajca.MobileRobotFoundation;
				PRODUCT_NAME = "$(TARGET_NAME)";
				SDKROOT = iphoneos;
				SKIP_INSTALL = YES;
				TARGETED_DEVICE_FAMILY = "1,2";
			};
			name = Debug;
		};
		C98C34FA1C26540C006840C3 /* Release */ = {
			isa = XCBuildConfiguration;
			buildSettings = {
				"CODE_SIGN_IDENTITY[sdk=iphoneos*]" = "iPhone Developer";
				DEFINES_MODULE = YES;
				DYLIB_COMPATIBILITY_VERSION = 1;
				DYLIB_CURRENT_VERSION = 1;
				DYLIB_INSTALL_NAME_BASE = "@rpath";
				INFOPLIST_FILE = MobileRobotFoundation/Info.plist;
				INSTALL_PATH = "$(LOCAL_LIBRARY_DIR)/Frameworks";
				IPHONEOS_DEPLOYMENT_TARGET = 9.2;
				LD_RUNPATH_SEARCH_PATHS = "$(inherited) @executable_path/Frameworks @loader_path/Frameworks";
				PRODUCT_BUNDLE_IDENTIFIER = com.MattRajca.MobileRobotFoundation;
				PRODUCT_NAME = "$(TARGET_NAME)";
				SDKROOT = iphoneos;
				SKIP_INSTALL = YES;
				TARGETED_DEVICE_FAMILY = "1,2";
				VALIDATE_PRODUCT = YES;
			};
			name = Release;
		};
/* End XCBuildConfiguration section */

/* Begin XCConfigurationList section */
		C98C34671C25C160006840C3 /* Build configuration list for PBXProject "RobotFoundation" */ = {
			isa = XCConfigurationList;
			buildConfigurations = (
				C98C347F1C25C160006840C3 /* Debug */,
				C98C34801C25C160006840C3 /* Release */,
			);
			defaultConfigurationIsVisible = 0;
			defaultConfigurationName = Release;
		};
		C98C34811C25C160006840C3 /* Build configuration list for PBXNativeTarget "RobotFoundation" */ = {
			isa = XCConfigurationList;
			buildConfigurations = (
				C98C34821C25C160006840C3 /* Debug */,
				C98C34831C25C160006840C3 /* Release */,
			);
			defaultConfigurationIsVisible = 0;
			defaultConfigurationName = Release;
		};
		C98C34841C25C160006840C3 /* Build configuration list for PBXNativeTarget "RobotFoundationTests" */ = {
			isa = XCConfigurationList;
			buildConfigurations = (
				C98C34851C25C160006840C3 /* Debug */,
				C98C34861C25C160006840C3 /* Release */,
			);
			defaultConfigurationIsVisible = 0;
			defaultConfigurationName = Release;
		};
		C98C34F81C26540C006840C3 /* Build configuration list for PBXNativeTarget "MobileRobotFoundation" */ = {
			isa = XCConfigurationList;
			buildConfigurations = (
				C98C34F91C26540C006840C3 /* Debug */,
				C98C34FA1C26540C006840C3 /* Release */,
			);
			defaultConfigurationIsVisible = 0;
			defaultConfigurationName = Release;
		};
/* End XCConfigurationList section */
	};
	rootObject = C98C34641C25C160006840C3 /* Project object */;
}
